// !$*UTF8*$!
{
	archiveVersion = 1;
	classes = {
	};
	objectVersion = 46;
	objects = {

/* Begin PBXBuildFile section */
		3FC107CB1D51B4DB006F5E1E /* AppDelegate.swift in Sources */ = {isa = PBXBuildFile; fileRef = 3FC107CA1D51B4DB006F5E1E /* AppDelegate.swift */; };
		3FC107CD1D51B4DB006F5E1E /* ViewController.swift in Sources */ = {isa = PBXBuildFile; fileRef = 3FC107CC1D51B4DB006F5E1E /* ViewController.swift */; };
		3FC107D01D51B4DB006F5E1E /* Main.storyboard in Resources */ = {isa = PBXBuildFile; fileRef = 3FC107CE1D51B4DB006F5E1E /* Main.storyboard */; };
		3FC107D31D51B4DB006F5E1E /* Intial_Screen.xcdatamodeld in Sources */ = {isa = PBXBuildFile; fileRef = 3FC107D11D51B4DB006F5E1E /* Intial_Screen.xcdatamodeld */; };
		3FC107D51D51B4DB006F5E1E /* Assets.xcassets in Resources */ = {isa = PBXBuildFile; fileRef = 3FC107D41D51B4DB006F5E1E /* Assets.xcassets */; };
		3FC107D81D51B4DB006F5E1E /* LaunchScreen.storyboard in Resources */ = {isa = PBXBuildFile; fileRef = 3FC107D61D51B4DB006F5E1E /* LaunchScreen.storyboard */; };
/* End PBXBuildFile section */

/* Begin PBXFileReference section */
		3FC107C71D51B4DB006F5E1E /* Intial Screen.app */ = {isa = PBXFileReference; explicitFileType = wrapper.application; includeInIndex = 0; path = "Intial Screen.app"; sourceTree = BUILT_PRODUCTS_DIR; };
		3FC107CA1D51B4DB006F5E1E /* AppDelegate.swift */ = {isa = PBXFileReference; lastKnownFileType = sourcecode.swift; path = AppDelegate.swift; sourceTree = "<group>"; };
		3FC107CC1D51B4DB006F5E1E /* ViewController.swift */ = {isa = PBXFileReference; lastKnownFileType = sourcecode.swift; path = ViewController.swift; sourceTree = "<group>"; };
		3FC107CF1D51B4DB006F5E1E /* Base */ = {isa = PBXFileReference; lastKnownFileType = file.storyboard; name = Base; path = Base.lproj/Main.storyboard; sourceTree = "<group>"; };
		3FC107D21D51B4DB006F5E1E /* Intial_Screen.xcdatamodel */ = {isa = PBXFileReference; lastKnownFileType = wrapper.xcdatamodel; path = Intial_Screen.xcdatamodel; sourceTree = "<group>"; };
		3FC107D41D51B4DB006F5E1E /* Assets.xcassets */ = {isa = PBXFileReference; lastKnownFileType = folder.assetcatalog; path = Assets.xcassets; sourceTree = "<group>"; };
		3FC107D71D51B4DB006F5E1E /* Base */ = {isa = PBXFileReference; lastKnownFileType = file.storyboard; name = Base; path = Base.lproj/LaunchScreen.storyboard; sourceTree = "<group>"; };
		3FC107D91D51B4DB006F5E1E /* Info.plist */ = {isa = PBXFileReference; lastKnownFileType = text.plist.xml; path = Info.plist; sourceTree = "<group>"; };
/* End PBXFileReference section */

/* Begin PBXFrameworksBuildPhase section */
		3FC107C41D51B4DB006F5E1E /* Frameworks */ = {
			isa = PBXFrameworksBuildPhase;
			buildActionMask = 2147483647;
			files = (
			);
			runOnlyForDeploymentPostprocessing = 0;
		};
/* End PBXFrameworksBuildPhase section */

/* Begin PBXGroup section */
		3FC107BE1D51B4DB006F5E1E = {
			isa = PBXGroup;
			children = (
				3FC107C91D51B4DB006F5E1E /* Intial Screen */,
				3FC107C81D51B4DB006F5E1E /* Products */,
			);
			sourceTree = "<group>";
		};
		3FC107C81D51B4DB006F5E1E /* Products */ = {
			isa = PBXGroup;
			children = (
				3FC107C71D51B4DB006F5E1E /* Intial Screen.app */,
			);
			name = Products;
			sourceTree = "<group>";
		};
		3FC107C91D51B4DB006F5E1E /* Intial Screen */ = {
			isa = PBXGroup;
			children = (
				3FC107CA1D51B4DB006F5E1E /* AppDelegate.swift */,
				3FC107CC1D51B4DB006F5E1E /* ViewController.swift */,
				3FC107CE1D51B4DB006F5E1E /* Main.storyboard */,
				3FC107D41D51B4DB006F5E1E /* Assets.xcassets */,
				3FC107D61D51B4DB006F5E1E /* LaunchScreen.storyboard */,
				3FC107D91D51B4DB006F5E1E /* Info.plist */,
				3FC107D11D51B4DB006F5E1E /* Intial_Screen.xcdatamodeld */,
			);
			path = "Intial Screen";
			sourceTree = "<group>";
		};
/* End PBXGroup section */

/* Begin PBXNativeTarget section */
		3FC107C61D51B4DB006F5E1E /* Intial Screen */ = {
			isa = PBXNativeTarget;
			buildConfigurationList = 3FC107DC1D51B4DB006F5E1E /* Build configuration list for PBXNativeTarget "Intial Screen" */;
			buildPhases = (
				3FC107C31D51B4DB006F5E1E /* Sources */,
				3FC107C41D51B4DB006F5E1E /* Frameworks */,
				3FC107C51D51B4DB006F5E1E /* Resources */,
			);
			buildRules = (
			);
			dependencies = (
			);
			name = "Intial Screen";
			productName = "Intial Screen";
			productReference = 3FC107C71D51B4DB006F5E1E /* Intial Screen.app */;
			productType = "com.apple.product-type.application";
		};
/* End PBXNativeTarget section */

/* Begin PBXProject section */
		3FC107BF1D51B4DB006F5E1E /* Project object */ = {
			isa = PBXProject;
			attributes = {
				LastSwiftUpdateCheck = 0730;
				LastUpgradeCheck = 0730;
				ORGANIZATIONNAME = student;
				TargetAttributes = {
					3FC107C61D51B4DB006F5E1E = {
						CreatedOnToolsVersion = 7.3.1;
					};
				};
			};
			buildConfigurationList = 3FC107C21D51B4DB006F5E1E /* Build configuration list for PBXProject "Intial Screen" */;
			compatibilityVersion = "Xcode 3.2";
			developmentRegion = English;
			hasScannedForEncodings = 0;
			knownRegions = (
				en,
				Base,
			);
			mainGroup = 3FC107BE1D51B4DB006F5E1E;
			productRefGroup = 3FC107C81D51B4DB006F5E1E /* Products */;
			projectDirPath = "";
			projectRoot = "";
			targets = (
				3FC107C61D51B4DB006F5E1E /* Intial Screen */,
			);
		};
/* End PBXProject section */

/* Begin PBXResourcesBuildPhase section */
		3FC107C51D51B4DB006F5E1E /* Resources */ = {
			isa = PBXResourcesBuildPhase;
			buildActionMask = 2147483647;
			files = (
				3FC107D81D51B4DB006F5E1E /* LaunchScreen.storyboard in Resources */,
				3FC107D51D51B4DB006F5E1E /* Assets.xcassets in Resources */,
				3FC107D01D51B4DB006F5E1E /* Main.storyboard in Resources */,
			);
			runOnlyForDeploymentPostprocessing = 0;
		};
/* End PBXResourcesBuildPhase section */

/* Begin PBXSourcesBuildPhase section */
		3FC107C31D51B4DB006F5E1E /* Sources */ = {
			isa = PBXSourcesBuildPhase;
			buildActionMask = 2147483647;
			files = (
				3FC107D31D51B4DB006F5E1E /* Intial_Screen.xcdatamodeld in Sources */,
				3FC107CD1D51B4DB006F5E1E /* ViewController.swift in Sources */,
				3FC107CB1D51B4DB006F5E1E /* AppDelegate.swift in Sources */,
			);
			runOnlyForDeploymentPostprocessing = 0;
		};
/* End PBXSourcesBuildPhase section */

/* Begin PBXVariantGroup section */
		3FC107CE1D51B4DB006F5E1E /* Main.storyboard */ = {
			isa = PBXVariantGroup;
			children = (
				3FC107CF1D51B4DB006F5E1E /* Base */,
			);
			name = Main.storyboard;
			sourceTree = "<group>";
		};
		3FC107D61D51B4DB006F5E1E /* LaunchScreen.storyboard */ = {
			isa = PBXVariantGroup;
			children = (
				3FC107D71D51B4DB006F5E1E /* Base */,
			);
			name = LaunchScreen.storyboard;
			sourceTree = "<group>";
		};
/* End PBXVariantGroup section */

/* Begin XCBuildConfiguration section */
		3FC107DA1D51B4DB006F5E1E /* Debug */ = {
			isa = XCBuildConfiguration;
			buildSettings = {
				ALWAYS_SEARCH_USER_PATHS = NO;
				CLANG_ANALYZER_NONNULL = YES;
				CLANG_CXX_LANGUAGE_STANDARD = "gnu++0x";
				CLANG_CXX_LIBRARY = "libc++";
				CLANG_ENABLE_MODULES = YES;
				CLANG_ENABLE_OBJC_ARC = YES;
				CLANG_WARN_BOOL_CONVERSION = YES;
				CLANG_WARN_CONSTANT_CONVERSION = YES;
				CLANG_WARN_DIRECT_OBJC_ISA_USAGE = YES_ERROR;
				CLANG_WARN_EMPTY_BODY = YES;
				CLANG_WARN_ENUM_CONVERSION = YES;
				CLANG_WARN_INT_CONVERSION = YES;
				CLANG_WARN_OBJC_ROOT_CLASS = YES_ERROR;
				CLANG_WARN_UNREACHABLE_CODE = YES;
				CLANG_WARN__DUPLICATE_METHOD_MATCH = YES;
				"CODE_SIGN_IDENTITY[sdk=iphoneos*]" = "iPhone Developer";
				COPY_PHASE_STRIP = NO;
				DEBUG_INFORMATION_FORMAT = dwarf;
				ENABLE_STRICT_OBJC_MSGSEND = YES;
				ENABLE_TESTABILITY = YES;
				GCC_C_LANGUAGE_STANDARD = gnu99;
				GCC_DYNAMIC_NO_PIC = NO;
				GCC_NO_COMMON_BLOCKS = YES;
				GCC_OPTIMIZATION_LEVEL = 0;
				GCC_PREPROCESSOR_DEFINITIONS = (
					"DEBUG=1",
					"$(inherited)",
				);
				GCC_WARN_64_TO_32_BIT_CONVERSION = YES;
				GCC_WARN_ABOUT_RETURN_TYPE = YES_ERROR;
				GCC_WARN_UNDECLARED_SELECTOR = YES;
				GCC_WARN_UNINITIALIZED_AUTOS = YES_AGGRESSIVE;
				GCC_WARN_UNUSED_FUNCTION = YES;
				GCC_WARN_UNUSED_VARIABLE = YES;
				IPHONEOS_DEPLOYMENT_TARGET = 9.3;
				MTL_ENABLE_DEBUG_INFO = YES;
				ONLY_ACTIVE_ARCH = YES;
				SDKROOT = iphoneos;
				SWIFT_OPTIMIZATION_LEVEL = "-Onone";
				TARGETED_DEVICE_FAMILY = "1,2";
			};
			name = Debug;
		};
		3FC107DB1D51B4DB006F5E1E /* Release */ = {
			isa = XCBuildConfiguration;
			buildSettings = {
				ALWAYS_SEARCH_USER_PATHS = NO;
				CLANG_ANALYZER_NONNULL = YES;
				CLANG_CXX_LANGUAGE_STANDARD = "gnu++0x";
				CLANG_CXX_LIBRARY = "libc++";
				CLANG_ENABLE_MODULES = YES;
				CLANG_ENABLE_OBJC_ARC = YES;
				CLANG_WARN_BOOL_CONVERSION = YES;
				CLANG_WARN_CONSTANT_CONVERSION = YES;
				CLANG_WARN_DIRECT_OBJC_ISA_USAGE = YES_ERROR;
				CLANG_WARN_EMPTY_BODY = YES;
				CLANG_WARN_ENUM_CONVERSION = YES;
				CLANG_WARN_INT_CONVERSION = YES;
				CLANG_WARN_OBJC_ROOT_CLASS = YES_ERROR;
				CLANG_WARN_UNREACHABLE_CODE = YES;
				CLANG_WARN__DUPLICATE_METHOD_MATCH = YES;
				"CODE_SIGN_IDENTITY[sdk=iphoneos*]" = "iPhone Developer";
				COPY_PHASE_STRIP = NO;
				DEBUG_INFORMATION_FORMAT = "dwarf-with-dsym";
				ENABLE_NS_ASSERTIONS = NO;
				ENABLE_STRICT_OBJC_MSGSEND = YES;
				GCC_C_LANGUAGE_STANDARD = gnu99;
				GCC_NO_COMMON_BLOCKS = YES;
				GCC_WARN_64_TO_32_BIT_CONVERSION = YES;
				GCC_WARN_ABOUT_RETURN_TYPE = YES_ERROR;
				GCC_WARN_UNDECLARED_SELECTOR = YES;
				GCC_WARN_UNINITIALIZED_AUTOS = YES_AGGRESSIVE;
				GCC_WARN_UNUSED_FUNCTION = YES;
				GCC_WARN_UNUSED_VARIABLE = YES;
				IPHONEOS_DEPLOYMENT_TARGET = 9.3;
				MTL_ENABLE_DEBUG_INFO = NO;
				SDKROOT = iphoneos;
				TARGETED_DEVICE_FAMILY = "1,2";
				VALIDATE_PRODUCT = YES;
			};
			name = Release;
		};
		3FC107DD1D51B4DB006F5E1E /* Debug */ = {
			isa = XCBuildConfiguration;
			buildSettings = {
				ASSETCATALOG_COMPILER_APPICON_NAME = AppIcon;
				INFOPLIST_FILE = "Intial Screen/Info.plist";
				LD_RUNPATH_SEARCH_PATHS = "$(inherited) @executable_path/Frameworks";
				PRODUCT_BUNDLE_IDENTIFIER = "apple.Intial-Screen";
				PRODUCT_NAME = "$(TARGET_NAME)";
			};
			name = Debug;
		};
		3FC107DE1D51B4DB006F5E1E /* Release */ = {
			isa = XCBuildConfiguration;
			buildSettings = {
				ASSETCATALOG_COMPILER_APPICON_NAME = AppIcon;
				INFOPLIST_FILE = "Intial Screen/Info.plist";
				LD_RUNPATH_SEARCH_PATHS = "$(inherited) @executable_path/Frameworks";
				PRODUCT_BUNDLE_IDENTIFIER = "apple.Intial-Screen";
				PRODUCT_NAME = "$(TARGET_NAME)";
			};
			name = Release;
		};
/* End XCBuildConfiguration section */

/* Begin XCConfigurationList section */
		3FC107C21D51B4DB006F5E1E /* Build configuration list for PBXProject "Intial Screen" */ = {
			isa = XCConfigurationList;
			buildConfigurations = (
				3FC107DA1D51B4DB006F5E1E /* Debug */,
				3FC107DB1D51B4DB006F5E1E /* Release */,
			);
			defaultConfigurationIsVisible = 0;
			defaultConfigurationName = Release;
		};
		3FC107DC1D51B4DB006F5E1E /* Build configuration list for PBXNativeTarget "Intial Screen" */ = {
			isa = XCConfigurationList;
			buildConfigurations = (
				3FC107DD1D51B4DB006F5E1E /* Debug */,
				3FC107DE1D51B4DB006F5E1E /* Release */,
			);
			defaultConfigurationIsVisible = 0;
		};
/* End XCConfigurationList section */

/* Begin XCVersionGroup section */
		3FC107D11D51B4DB006F5E1E /* Intial_Screen.xcdatamodeld */ = {
			isa = XCVersionGroup;
			children = (
				3FC107D21D51B4DB006F5E1E /* Intial_Screen.xcdatamodel */,
			);
			currentVersion = 3FC107D21D51B4DB006F5E1E /* Intial_Screen.xcdatamodel */;
			path = Intial_Screen.xcdatamodeld;
			sourceTree = "<group>";
			versionGroupType = wrapper.xcdatamodel;
		};
/* End XCVersionGroup section */
	};
	rootObject = 3FC107BF1D51B4DB006F5E1E /* Project object */;
}
